
Microsoft Visual Studio Solution File, Format Version 12.00
# Visual Studio Version 17
VisualStudioVersion = 17.5.33627.172
MinimumVisualStudioVersion = 10.0.40219.1
Project("{FAE04EC0-301F-11D3-BF4B-00C04F79EFBC}") = "Exercicio", "Exercicio\Exercicio.csproj", "{240B3397-8177-4255-AF5A-61FF828D03DB}"
EndProject
Global
	GlobalSection(SolutionConfigurationPlatforms) = preSolution
		Debug|Any CPU = Debug|Any CPU
		Release|Any CPU = Release|Any CPU
	EndGlobalSection
	GlobalSection(ProjectConfigurationPlatforms) = postSolution
		{240B3397-8177-4255-AF5A-61FF828D03DB}.Debug|Any CPU.ActiveCfg = Debug|Any CPU
		{240B3397-8177-4255-AF5A-61FF828D03DB}.Debug|Any CPU.Build.0 = Debug|Any CPU
		{240B3397-8177-4255-AF5A-61FF828D03DB}.Release|Any CPU.ActiveCfg = Release|Any CPU
		{240B3397-8177-4255-AF5A-61FF828D03DB}.Release|Any CPU.Build.0 = Release|Any CPU
	EndGlobalSection
	GlobalSection(SolutionProperties) = preSolution
		HideSolutionNode = FALSE
	EndGlobalSection
	GlobalSection(ExtensibilityGlobals) = postSolution
		SolutionGuid = {54D77E6C-B71D-414F-A151-D24A81B978F1}
	EndGlobalSection
EndGlobal
